// !$*UTF8*$!
{
	archiveVersion = 1;
	classes = {
	};
	objectVersion = 50;
	objects = {

/* Begin PBXBuildFile section */
		1E65C9EC20EABBE300D28BE4 /* AppDelegate.swift in Sources */ = {isa = PBXBuildFile; fileRef = 1E65C9EB20EABBE300D28BE4 /* AppDelegate.swift */; };
		1E65C9F120EABBE400D28BE4 /* Main.storyboard in Resources */ = {isa = PBXBuildFile; fileRef = 1E65C9EF20EABBE400D28BE4 /* Main.storyboard */; };
		1E65C9F320EABBEC00D28BE4 /* Assets.xcassets in Resources */ = {isa = PBXBuildFile; fileRef = 1E65C9F220EABBEC00D28BE4 /* Assets.xcassets */; };
		1E65C9F620EABBEC00D28BE4 /* LaunchScreen.storyboard in Resources */ = {isa = PBXBuildFile; fileRef = 1E65C9F420EABBEC00D28BE4 /* LaunchScreen.storyboard */; };
		1E65CA0120EABBEC00D28BE4 /* ToyPhotoGalleryTests.swift in Sources */ = {isa = PBXBuildFile; fileRef = 1E65CA0020EABBEC00D28BE4 /* ToyPhotoGalleryTests.swift */; };
		1E65CA0C20EABBEC00D28BE4 /* ToyPhotoGalleryUITests.swift in Sources */ = {isa = PBXBuildFile; fileRef = 1E65CA0B20EABBEC00D28BE4 /* ToyPhotoGalleryUITests.swift */; };
		1E78B29120EAC690000DCFE7 /* RootViewController.swift in Sources */ = {isa = PBXBuildFile; fileRef = 1E78B29020EAC690000DCFE7 /* RootViewController.swift */; };
		1E78B29320EAC6A2000DCFE7 /* GalleryViewController.swift in Sources */ = {isa = PBXBuildFile; fileRef = 1E78B29220EAC6A2000DCFE7 /* GalleryViewController.swift */; };
		1E78B29520EAC6CC000DCFE7 /* PreviewViewController.swift in Sources */ = {isa = PBXBuildFile; fileRef = 1E78B29420EAC6CC000DCFE7 /* PreviewViewController.swift */; };
		1E78B29720EAC6EB000DCFE7 /* LaunchController.swift in Sources */ = {isa = PBXBuildFile; fileRef = 1E78B29620EAC6EB000DCFE7 /* LaunchController.swift */; };
		1E78B29920EAC71E000DCFE7 /* GalleryViewModel.swift in Sources */ = {isa = PBXBuildFile; fileRef = 1E78B29820EAC71E000DCFE7 /* GalleryViewModel.swift */; };
		1E78B29B20EAC72C000DCFE7 /* PreviewViewModel.swift in Sources */ = {isa = PBXBuildFile; fileRef = 1E78B29A20EAC72C000DCFE7 /* PreviewViewModel.swift */; };
		1E78B29D20EAC77C000DCFE7 /* ImageResourceModel.swift in Sources */ = {isa = PBXBuildFile; fileRef = 1E78B29C20EAC77C000DCFE7 /* ImageResourceModel.swift */; };
		1E78B29F20EAC78F000DCFE7 /* UserModel.swift in Sources */ = {isa = PBXBuildFile; fileRef = 1E78B29E20EAC78F000DCFE7 /* UserModel.swift */; };
		1E78B2A120EAC83C000DCFE7 /* RemoteStoreController.swift in Sources */ = {isa = PBXBuildFile; fileRef = 1E78B2A020EAC83C000DCFE7 /* RemoteStoreController.swift */; };
		1E78B2A320EAC879000DCFE7 /* ParseInterface.swift in Sources */ = {isa = PBXBuildFile; fileRef = 1E78B2A220EAC879000DCFE7 /* ParseInterface.swift */; };
		1E78B2A520EAC8BA000DCFE7 /* LogHandlerDelegate.swift in Sources */ = {isa = PBXBuildFile; fileRef = 1E78B2A420EAC8BA000DCFE7 /* LogHandlerDelegate.swift */; };
		1E78B2B120EACC8D000DCFE7 /* Default-568h@2x.png in Resources */ = {isa = PBXBuildFile; fileRef = 1E78B2B020EACC8D000DCFE7 /* Default-568h@2x.png */; };
		1E78B2D820EADC96000DCFE7 /* FBSDKLoginKit.framework in Frameworks */ = {isa = PBXBuildFile; fileRef = 1E78B2CE20EADC96000DCFE7 /* FBSDKLoginKit.framework */; };
		1E78B2D920EADC96000DCFE7 /* FBSDKCoreKit.framework in Frameworks */ = {isa = PBXBuildFile; fileRef = 1E78B2CF20EADC96000DCFE7 /* FBSDKCoreKit.framework */; };
		1E78B2DA20EADC96000DCFE7 /* FBSDKPlacesKit.framework in Frameworks */ = {isa = PBXBuildFile; fileRef = 1E78B2D020EADC96000DCFE7 /* FBSDKPlacesKit.framework */; };
		1E78B2DB20EADC96000DCFE7 /* ParseFacebookUtilsV4.framework in Frameworks */ = {isa = PBXBuildFile; fileRef = 1E78B2D120EADC96000DCFE7 /* ParseFacebookUtilsV4.framework */; };
		1E78B2DC20EADC96000DCFE7 /* FBSDKShareKit.framework in Frameworks */ = {isa = PBXBuildFile; fileRef = 1E78B2D220EADC96000DCFE7 /* FBSDKShareKit.framework */; };
		1E78B2DD20EADC96000DCFE7 /* Bugsnag.framework in Frameworks */ = {isa = PBXBuildFile; fileRef = 1E78B2D320EADC96000DCFE7 /* Bugsnag.framework */; };
		1E78B2DE20EADC96000DCFE7 /* Bolts.framework in Frameworks */ = {isa = PBXBuildFile; fileRef = 1E78B2D420EADC96000DCFE7 /* Bolts.framework */; };
		1E78B2DF20EADC96000DCFE7 /* Parse.framework in Frameworks */ = {isa = PBXBuildFile; fileRef = 1E78B2D520EADC96000DCFE7 /* Parse.framework */; };
		1E78B2E020EADC96000DCFE7 /* ParseUI.framework in Frameworks */ = {isa = PBXBuildFile; fileRef = 1E78B2D620EADC96000DCFE7 /* ParseUI.framework */; };
		1E78B2E120EADC96000DCFE7 /* ParseTwitterUtils.framework in Frameworks */ = {isa = PBXBuildFile; fileRef = 1E78B2D720EADC96000DCFE7 /* ParseTwitterUtils.framework */; };
		1E78B2E420EADE2F000DCFE7 /* ErrorHandlerDelegate.swift in Sources */ = {isa = PBXBuildFile; fileRef = 1E78B2E320EADE2F000DCFE7 /* ErrorHandlerDelegate.swift */; };
		1E78B2E620EADE4D000DCFE7 /* BugsnagInterface.swift in Sources */ = {isa = PBXBuildFile; fileRef = 1E78B2E520EADE4D000DCFE7 /* BugsnagInterface.swift */; };
		1E78B2E820EAE5FF000DCFE7 /* Obfuscator.swift in Sources */ = {isa = PBXBuildFile; fileRef = 1E78B2E720EAE5FF000DCFE7 /* Obfuscator.swift */; };
		1E78B2EA20EAE6AB000DCFE7 /* LaunchControlKey.swift in Sources */ = {isa = PBXBuildFile; fileRef = 1E78B2E920EAE6AB000DCFE7 /* LaunchControlKey.swift */; };
		1E78B2EE20EAEF32000DCFE7 /* LaunchControlKeyTests.swift in Sources */ = {isa = PBXBuildFile; fileRef = 1E78B2ED20EAEF32000DCFE7 /* LaunchControlKeyTests.swift */; };
		1E78B2F020EAF46A000DCFE7 /* ReportingHandlerDelegate.swift in Sources */ = {isa = PBXBuildFile; fileRef = 1E78B2EF20EAF46A000DCFE7 /* ReportingHandlerDelegate.swift */; };
		1E78B2F220EAF605000DCFE7 /* Notification.swift in Sources */ = {isa = PBXBuildFile; fileRef = 1E78B2F120EAF605000DCFE7 /* Notification.swift */; };
		1E78B2F520EAFB02000DCFE7 /* LaunchError.swift in Sources */ = {isa = PBXBuildFile; fileRef = 1E78B2F420EAFB02000DCFE7 /* LaunchError.swift */; };
		1E78B2F720EAFF16000DCFE7 /* LaunchService.swift in Sources */ = {isa = PBXBuildFile; fileRef = 1E78B2F620EAFF16000DCFE7 /* LaunchService.swift */; };
		1E78B2F920EB2542000DCFE7 /* RemoteStoreError.swift in Sources */ = {isa = PBXBuildFile; fileRef = 1E78B2F820EB2542000DCFE7 /* RemoteStoreError.swift */; };
		1E78B2FB20EBC1D7000DCFE7 /* LaunchControllerTests.swift in Sources */ = {isa = PBXBuildFile; fileRef = 1E78B2FA20EBC1D7000DCFE7 /* LaunchControllerTests.swift */; };
		1E78B2FD20EBC58A000DCFE7 /* ParseInterfaceTests.swift in Sources */ = {isa = PBXBuildFile; fileRef = 1E78B2FC20EBC58A000DCFE7 /* ParseInterfaceTests.swift */; };
		1E78B30220EBC72B000DCFE7 /* BugsnagInterfaceTests.swift in Sources */ = {isa = PBXBuildFile; fileRef = 1E78B30120EBC72B000DCFE7 /* BugsnagInterfaceTests.swift */; };
		1E78B30420EBC80D000DCFE7 /* ObfuscatorTests.swift in Sources */ = {isa = PBXBuildFile; fileRef = 1E78B30320EBC80D000DCFE7 /* ObfuscatorTests.swift */; };
		1E78B30620EBCE63000DCFE7 /* Bolts.framework in Frameworks */ = {isa = PBXBuildFile; fileRef = 1E78B2D420EADC96000DCFE7 /* Bolts.framework */; };
		1E78B30720EBCE63000DCFE7 /* Bugsnag.framework in Frameworks */ = {isa = PBXBuildFile; fileRef = 1E78B2D320EADC96000DCFE7 /* Bugsnag.framework */; };
		1E78B30820EBCE63000DCFE7 /* FBSDKCoreKit.framework in Frameworks */ = {isa = PBXBuildFile; fileRef = 1E78B2CF20EADC96000DCFE7 /* FBSDKCoreKit.framework */; };
		1E78B30920EBCE63000DCFE7 /* FBSDKLoginKit.framework in Frameworks */ = {isa = PBXBuildFile; fileRef = 1E78B2CE20EADC96000DCFE7 /* FBSDKLoginKit.framework */; };
		1E78B30A20EBCE63000DCFE7 /* FBSDKPlacesKit.framework in Frameworks */ = {isa = PBXBuildFile; fileRef = 1E78B2D020EADC96000DCFE7 /* FBSDKPlacesKit.framework */; };
		1E78B30B20EBCE63000DCFE7 /* FBSDKShareKit.framework in Frameworks */ = {isa = PBXBuildFile; fileRef = 1E78B2D220EADC96000DCFE7 /* FBSDKShareKit.framework */; };
		1E78B30C20EBCE63000DCFE7 /* Parse.framework in Frameworks */ = {isa = PBXBuildFile; fileRef = 1E78B2D520EADC96000DCFE7 /* Parse.framework */; };
		1E78B30D20EBCE63000DCFE7 /* ParseFacebookUtilsV4.framework in Frameworks */ = {isa = PBXBuildFile; fileRef = 1E78B2D120EADC96000DCFE7 /* ParseFacebookUtilsV4.framework */; };
		1E78B30E20EBCE63000DCFE7 /* ParseTwitterUtils.framework in Frameworks */ = {isa = PBXBuildFile; fileRef = 1E78B2D720EADC96000DCFE7 /* ParseTwitterUtils.framework */; };
		1E78B30F20EBCE63000DCFE7 /* ParseUI.framework in Frameworks */ = {isa = PBXBuildFile; fileRef = 1E78B2D620EADC96000DCFE7 /* ParseUI.framework */; };
		1E78B31220EBD5A1000DCFE7 /* XCTestCase.swift in Sources */ = {isa = PBXBuildFile; fileRef = 1E78B31120EBD5A1000DCFE7 /* XCTestCase.swift */; };
		1E78B31420EBED0C000DCFE7 /* TestErrorHandler.swift in Sources */ = {isa = PBXBuildFile; fileRef = 1E78B31320EBED0C000DCFE7 /* TestErrorHandler.swift */; };
		1E78B31820EBEF14000DCFE7 /* TestRemoteStoreController.swift in Sources */ = {isa = PBXBuildFile; fileRef = 1E78B31720EBEF14000DCFE7 /* TestRemoteStoreController.swift */; };
		1E78B31B20EBF286000DCFE7 /* TestReportingHandler.swift in Sources */ = {isa = PBXBuildFile; fileRef = 1E78B31A20EBF286000DCFE7 /* TestReportingHandler.swift */; };
		1E78B31D20EBF57E000DCFE7 /* TestNotificationLaunchController.swift in Sources */ = {isa = PBXBuildFile; fileRef = 1E78B31C20EBF57E000DCFE7 /* TestNotificationLaunchController.swift */; };
/* End PBXBuildFile section */

/* Begin PBXContainerItemProxy section */
		1E65C9FD20EABBEC00D28BE4 /* PBXContainerItemProxy */ = {
			isa = PBXContainerItemProxy;
			containerPortal = 1E65C9E020EABBE100D28BE4 /* Project object */;
			proxyType = 1;
			remoteGlobalIDString = 1E65C9E720EABBE200D28BE4;
			remoteInfo = ToyPhotoGallery;
		};
		1E65CA0820EABBEC00D28BE4 /* PBXContainerItemProxy */ = {
			isa = PBXContainerItemProxy;
			containerPortal = 1E65C9E020EABBE100D28BE4 /* Project object */;
			proxyType = 1;
			remoteGlobalIDString = 1E65C9E720EABBE200D28BE4;
			remoteInfo = ToyPhotoGallery;
		};
/* End PBXContainerItemProxy section */

/* Begin PBXFileReference section */
		1E65C9E820EABBE300D28BE4 /* ToyPhotoGallery.app */ = {isa = PBXFileReference; explicitFileType = wrapper.application; includeInIndex = 0; path = ToyPhotoGallery.app; sourceTree = BUILT_PRODUCTS_DIR; };
		1E65C9EB20EABBE300D28BE4 /* AppDelegate.swift */ = {isa = PBXFileReference; lastKnownFileType = sourcecode.swift; path = AppDelegate.swift; sourceTree = "<group>"; };
		1E65C9F020EABBE400D28BE4 /* Base */ = {isa = PBXFileReference; lastKnownFileType = file.storyboard; name = Base; path = Base.lproj/Main.storyboard; sourceTree = "<group>"; };
		1E65C9F220EABBEC00D28BE4 /* Assets.xcassets */ = {isa = PBXFileReference; lastKnownFileType = folder.assetcatalog; path = Assets.xcassets; sourceTree = "<group>"; };
		1E65C9F520EABBEC00D28BE4 /* Base */ = {isa = PBXFileReference; lastKnownFileType = file.storyboard; name = Base; path = Base.lproj/LaunchScreen.storyboard; sourceTree = "<group>"; };
		1E65C9F720EABBEC00D28BE4 /* Info.plist */ = {isa = PBXFileReference; lastKnownFileType = text.plist.xml; path = Info.plist; sourceTree = "<group>"; };
		1E65C9FC20EABBEC00D28BE4 /* ToyPhotoGalleryTests.xctest */ = {isa = PBXFileReference; explicitFileType = wrapper.cfbundle; includeInIndex = 0; path = ToyPhotoGalleryTests.xctest; sourceTree = BUILT_PRODUCTS_DIR; };
		1E65CA0020EABBEC00D28BE4 /* ToyPhotoGalleryTests.swift */ = {isa = PBXFileReference; lastKnownFileType = sourcecode.swift; path = ToyPhotoGalleryTests.swift; sourceTree = "<group>"; };
		1E65CA0220EABBEC00D28BE4 /* Info.plist */ = {isa = PBXFileReference; lastKnownFileType = text.plist.xml; path = Info.plist; sourceTree = "<group>"; };
		1E65CA0720EABBEC00D28BE4 /* ToyPhotoGalleryUITests.xctest */ = {isa = PBXFileReference; explicitFileType = wrapper.cfbundle; includeInIndex = 0; path = ToyPhotoGalleryUITests.xctest; sourceTree = BUILT_PRODUCTS_DIR; };
		1E65CA0B20EABBEC00D28BE4 /* ToyPhotoGalleryUITests.swift */ = {isa = PBXFileReference; lastKnownFileType = sourcecode.swift; path = ToyPhotoGalleryUITests.swift; sourceTree = "<group>"; };
		1E65CA0D20EABBEC00D28BE4 /* Info.plist */ = {isa = PBXFileReference; lastKnownFileType = text.plist.xml; path = Info.plist; sourceTree = "<group>"; };
		1E78B29020EAC690000DCFE7 /* RootViewController.swift */ = {isa = PBXFileReference; lastKnownFileType = sourcecode.swift; path = RootViewController.swift; sourceTree = "<group>"; };
		1E78B29220EAC6A2000DCFE7 /* GalleryViewController.swift */ = {isa = PBXFileReference; lastKnownFileType = sourcecode.swift; path = GalleryViewController.swift; sourceTree = "<group>"; };
		1E78B29420EAC6CC000DCFE7 /* PreviewViewController.swift */ = {isa = PBXFileReference; lastKnownFileType = sourcecode.swift; path = PreviewViewController.swift; sourceTree = "<group>"; };
		1E78B29620EAC6EB000DCFE7 /* LaunchController.swift */ = {isa = PBXFileReference; lastKnownFileType = sourcecode.swift; path = LaunchController.swift; sourceTree = "<group>"; };
		1E78B29820EAC71E000DCFE7 /* GalleryViewModel.swift */ = {isa = PBXFileReference; lastKnownFileType = sourcecode.swift; path = GalleryViewModel.swift; sourceTree = "<group>"; };
		1E78B29A20EAC72C000DCFE7 /* PreviewViewModel.swift */ = {isa = PBXFileReference; lastKnownFileType = sourcecode.swift; path = PreviewViewModel.swift; sourceTree = "<group>"; };
		1E78B29C20EAC77C000DCFE7 /* ImageResourceModel.swift */ = {isa = PBXFileReference; lastKnownFileType = sourcecode.swift; path = ImageResourceModel.swift; sourceTree = "<group>"; };
		1E78B29E20EAC78F000DCFE7 /* UserModel.swift */ = {isa = PBXFileReference; lastKnownFileType = sourcecode.swift; path = UserModel.swift; sourceTree = "<group>"; };
		1E78B2A020EAC83C000DCFE7 /* RemoteStoreController.swift */ = {isa = PBXFileReference; lastKnownFileType = sourcecode.swift; path = RemoteStoreController.swift; sourceTree = "<group>"; };
		1E78B2A220EAC879000DCFE7 /* ParseInterface.swift */ = {isa = PBXFileReference; lastKnownFileType = sourcecode.swift; path = ParseInterface.swift; sourceTree = "<group>"; };
		1E78B2A420EAC8BA000DCFE7 /* LogHandlerDelegate.swift */ = {isa = PBXFileReference; lastKnownFileType = sourcecode.swift; path = LogHandlerDelegate.swift; sourceTree = "<group>"; };
		1E78B2B020EACC8D000DCFE7 /* Default-568h@2x.png */ = {isa = PBXFileReference; lastKnownFileType = image.png; path = "Default-568h@2x.png"; sourceTree = "<group>"; };
		1E78B2CE20EADC96000DCFE7 /* FBSDKLoginKit.framework */ = {isa = PBXFileReference; lastKnownFileType = wrapper.framework; name = FBSDKLoginKit.framework; path = Carthage/Build/iOS/FBSDKLoginKit.framework; sourceTree = SOURCE_ROOT; };
		1E78B2CF20EADC96000DCFE7 /* FBSDKCoreKit.framework */ = {isa = PBXFileReference; lastKnownFileType = wrapper.framework; name = FBSDKCoreKit.framework; path = Carthage/Build/iOS/FBSDKCoreKit.framework; sourceTree = SOURCE_ROOT; };
		1E78B2D020EADC96000DCFE7 /* FBSDKPlacesKit.framework */ = {isa = PBXFileReference; lastKnownFileType = wrapper.framework; name = FBSDKPlacesKit.framework; path = Carthage/Build/iOS/FBSDKPlacesKit.framework; sourceTree = SOURCE_ROOT; };
		1E78B2D120EADC96000DCFE7 /* ParseFacebookUtilsV4.framework */ = {isa = PBXFileReference; lastKnownFileType = wrapper.framework; name = ParseFacebookUtilsV4.framework; path = Carthage/Build/iOS/ParseFacebookUtilsV4.framework; sourceTree = SOURCE_ROOT; };
		1E78B2D220EADC96000DCFE7 /* FBSDKShareKit.framework */ = {isa = PBXFileReference; lastKnownFileType = wrapper.framework; name = FBSDKShareKit.framework; path = Carthage/Build/iOS/FBSDKShareKit.framework; sourceTree = SOURCE_ROOT; };
		1E78B2D320EADC96000DCFE7 /* Bugsnag.framework */ = {isa = PBXFileReference; lastKnownFileType = wrapper.framework; name = Bugsnag.framework; path = Carthage/Build/iOS/Bugsnag.framework; sourceTree = SOURCE_ROOT; };
		1E78B2D420EADC96000DCFE7 /* Bolts.framework */ = {isa = PBXFileReference; lastKnownFileType = wrapper.framework; name = Bolts.framework; path = Carthage/Build/iOS/Bolts.framework; sourceTree = SOURCE_ROOT; };
		1E78B2D520EADC96000DCFE7 /* Parse.framework */ = {isa = PBXFileReference; lastKnownFileType = wrapper.framework; name = Parse.framework; path = Carthage/Build/iOS/Parse.framework; sourceTree = SOURCE_ROOT; };
		1E78B2D620EADC96000DCFE7 /* ParseUI.framework */ = {isa = PBXFileReference; lastKnownFileType = wrapper.framework; name = ParseUI.framework; path = Carthage/Build/iOS/ParseUI.framework; sourceTree = SOURCE_ROOT; };
		1E78B2D720EADC96000DCFE7 /* ParseTwitterUtils.framework */ = {isa = PBXFileReference; lastKnownFileType = wrapper.framework; name = ParseTwitterUtils.framework; path = Carthage/Build/iOS/ParseTwitterUtils.framework; sourceTree = SOURCE_ROOT; };
		1E78B2E320EADE2F000DCFE7 /* ErrorHandlerDelegate.swift */ = {isa = PBXFileReference; lastKnownFileType = sourcecode.swift; path = ErrorHandlerDelegate.swift; sourceTree = "<group>"; };
		1E78B2E520EADE4D000DCFE7 /* BugsnagInterface.swift */ = {isa = PBXFileReference; lastKnownFileType = sourcecode.swift; path = BugsnagInterface.swift; sourceTree = "<group>"; };
		1E78B2E720EAE5FF000DCFE7 /* Obfuscator.swift */ = {isa = PBXFileReference; fileEncoding = 4; lastKnownFileType = sourcecode.swift; path = Obfuscator.swift; sourceTree = "<group>"; };
		1E78B2E920EAE6AB000DCFE7 /* LaunchControlKey.swift */ = {isa = PBXFileReference; lastKnownFileType = sourcecode.swift; path = LaunchControlKey.swift; sourceTree = "<group>"; };
		1E78B2ED20EAEF32000DCFE7 /* LaunchControlKeyTests.swift */ = {isa = PBXFileReference; lastKnownFileType = sourcecode.swift; path = LaunchControlKeyTests.swift; sourceTree = "<group>"; };
		1E78B2EF20EAF46A000DCFE7 /* ReportingHandlerDelegate.swift */ = {isa = PBXFileReference; lastKnownFileType = sourcecode.swift; path = ReportingHandlerDelegate.swift; sourceTree = "<group>"; };
		1E78B2F120EAF605000DCFE7 /* Notification.swift */ = {isa = PBXFileReference; lastKnownFileType = sourcecode.swift; path = Notification.swift; sourceTree = "<group>"; };
		1E78B2F420EAFB02000DCFE7 /* LaunchError.swift */ = {isa = PBXFileReference; lastKnownFileType = sourcecode.swift; path = LaunchError.swift; sourceTree = "<group>"; };
		1E78B2F620EAFF16000DCFE7 /* LaunchService.swift */ = {isa = PBXFileReference; lastKnownFileType = sourcecode.swift; path = LaunchService.swift; sourceTree = "<group>"; };
		1E78B2F820EB2542000DCFE7 /* RemoteStoreError.swift */ = {isa = PBXFileReference; lastKnownFileType = sourcecode.swift; path = RemoteStoreError.swift; sourceTree = "<group>"; };
		1E78B2FA20EBC1D7000DCFE7 /* LaunchControllerTests.swift */ = {isa = PBXFileReference; lastKnownFileType = sourcecode.swift; path = LaunchControllerTests.swift; sourceTree = "<group>"; };
		1E78B2FC20EBC58A000DCFE7 /* ParseInterfaceTests.swift */ = {isa = PBXFileReference; lastKnownFileType = sourcecode.swift; path = ParseInterfaceTests.swift; sourceTree = "<group>"; };
		1E78B30120EBC72B000DCFE7 /* BugsnagInterfaceTests.swift */ = {isa = PBXFileReference; lastKnownFileType = sourcecode.swift; path = BugsnagInterfaceTests.swift; sourceTree = "<group>"; };
		1E78B30320EBC80D000DCFE7 /* ObfuscatorTests.swift */ = {isa = PBXFileReference; lastKnownFileType = sourcecode.swift; path = ObfuscatorTests.swift; sourceTree = "<group>"; };
		1E78B31120EBD5A1000DCFE7 /* XCTestCase.swift */ = {isa = PBXFileReference; lastKnownFileType = sourcecode.swift; path = XCTestCase.swift; sourceTree = "<group>"; };
		1E78B31320EBED0C000DCFE7 /* TestErrorHandler.swift */ = {isa = PBXFileReference; lastKnownFileType = sourcecode.swift; path = TestErrorHandler.swift; sourceTree = "<group>"; };
		1E78B31720EBEF14000DCFE7 /* TestRemoteStoreController.swift */ = {isa = PBXFileReference; lastKnownFileType = sourcecode.swift; path = TestRemoteStoreController.swift; sourceTree = "<group>"; };
		1E78B31A20EBF286000DCFE7 /* TestReportingHandler.swift */ = {isa = PBXFileReference; lastKnownFileType = sourcecode.swift; path = TestReportingHandler.swift; sourceTree = "<group>"; };
		1E78B31C20EBF57E000DCFE7 /* TestNotificationLaunchController.swift */ = {isa = PBXFileReference; lastKnownFileType = sourcecode.swift; path = TestNotificationLaunchController.swift; sourceTree = "<group>"; };
/* End PBXFileReference section */

/* Begin PBXFrameworksBuildPhase section */
		1E65C9E520EABBE200D28BE4 /* Frameworks */ = {
			isa = PBXFrameworksBuildPhase;
			buildActionMask = 2147483647;
			files = (
				1E78B2E020EADC96000DCFE7 /* ParseUI.framework in Frameworks */,
				1E78B2DA20EADC96000DCFE7 /* FBSDKPlacesKit.framework in Frameworks */,
				1E78B2D820EADC96000DCFE7 /* FBSDKLoginKit.framework in Frameworks */,
				1E78B2DD20EADC96000DCFE7 /* Bugsnag.framework in Frameworks */,
				1E78B2E120EADC96000DCFE7 /* ParseTwitterUtils.framework in Frameworks */,
				1E78B2DC20EADC96000DCFE7 /* FBSDKShareKit.framework in Frameworks */,
				1E78B2DB20EADC96000DCFE7 /* ParseFacebookUtilsV4.framework in Frameworks */,
				1E78B2D920EADC96000DCFE7 /* FBSDKCoreKit.framework in Frameworks */,
				1E78B2DF20EADC96000DCFE7 /* Parse.framework in Frameworks */,
				1E78B2DE20EADC96000DCFE7 /* Bolts.framework in Frameworks */,
			);
			runOnlyForDeploymentPostprocessing = 0;
		};
		1E65C9F920EABBEC00D28BE4 /* Frameworks */ = {
			isa = PBXFrameworksBuildPhase;
			buildActionMask = 2147483647;
			files = (
				1E78B30620EBCE63000DCFE7 /* Bolts.framework in Frameworks */,
				1E78B30720EBCE63000DCFE7 /* Bugsnag.framework in Frameworks */,
				1E78B30820EBCE63000DCFE7 /* FBSDKCoreKit.framework in Frameworks */,
				1E78B30920EBCE63000DCFE7 /* FBSDKLoginKit.framework in Frameworks */,
				1E78B30A20EBCE63000DCFE7 /* FBSDKPlacesKit.framework in Frameworks */,
				1E78B30B20EBCE63000DCFE7 /* FBSDKShareKit.framework in Frameworks */,
				1E78B30C20EBCE63000DCFE7 /* Parse.framework in Frameworks */,
				1E78B30D20EBCE63000DCFE7 /* ParseFacebookUtilsV4.framework in Frameworks */,
				1E78B30E20EBCE63000DCFE7 /* ParseTwitterUtils.framework in Frameworks */,
				1E78B30F20EBCE63000DCFE7 /* ParseUI.framework in Frameworks */,
			);
			runOnlyForDeploymentPostprocessing = 0;
		};
		1E65CA0420EABBEC00D28BE4 /* Frameworks */ = {
			isa = PBXFrameworksBuildPhase;
			buildActionMask = 2147483647;
			files = (
			);
			runOnlyForDeploymentPostprocessing = 0;
		};
/* End PBXFrameworksBuildPhase section */

/* Begin PBXGroup section */
		1E65C9DF20EABBE100D28BE4 = {
			isa = PBXGroup;
			children = (
				1E78B2B020EACC8D000DCFE7 /* Default-568h@2x.png */,
				1E65C9EA20EABBE300D28BE4 /* ToyPhotoGallery */,
				1E65C9FF20EABBEC00D28BE4 /* ToyPhotoGalleryTests */,
				1E65CA0A20EABBEC00D28BE4 /* ToyPhotoGalleryUITests */,
				1E65C9E920EABBE300D28BE4 /* Products */,
				1E78B30520EBCE63000DCFE7 /* Frameworks */,
			);
			sourceTree = "<group>";
		};
		1E65C9E920EABBE300D28BE4 /* Products */ = {
			isa = PBXGroup;
			children = (
				1E65C9E820EABBE300D28BE4 /* ToyPhotoGallery.app */,
				1E65C9FC20EABBEC00D28BE4 /* ToyPhotoGalleryTests.xctest */,
				1E65CA0720EABBEC00D28BE4 /* ToyPhotoGalleryUITests.xctest */,
			);
			name = Products;
			sourceTree = "<group>";
		};
		1E65C9EA20EABBE300D28BE4 /* ToyPhotoGallery */ = {
			isa = PBXGroup;
			children = (
				1E65C9EB20EABBE300D28BE4 /* AppDelegate.swift */,
				1E78B29620EAC6EB000DCFE7 /* LaunchController.swift */,
				1E78B28720EAC50A000DCFE7 /* View */,
				1E78B28820EAC529000DCFE7 /* ViewModel */,
				1E78B28C20EAC59D000DCFE7 /* Model */,
				1E78B28D20EAC5DD000DCFE7 /* Network */,
				1E78B28E20EAC5F7000DCFE7 /* Analytics */,
				1E78B28B20EAC58A000DCFE7 /* Extension */,
				1E78B28A20EAC566000DCFE7 /* Resource */,
				1E65C9F720EABBEC00D28BE4 /* Info.plist */,
				1E65C9F220EABBEC00D28BE4 /* Assets.xcassets */,
			);
			path = ToyPhotoGallery;
			sourceTree = "<group>";
		};
		1E65C9FF20EABBEC00D28BE4 /* ToyPhotoGalleryTests */ = {
			isa = PBXGroup;
			children = (
				1E78B31920EBEF4C000DCFE7 /* TestObjects */,
				1E78B30320EBC80D000DCFE7 /* ObfuscatorTests.swift */,
				1E78B30120EBC72B000DCFE7 /* BugsnagInterfaceTests.swift */,
				1E78B2FC20EBC58A000DCFE7 /* ParseInterfaceTests.swift */,
				1E78B2FA20EBC1D7000DCFE7 /* LaunchControllerTests.swift */,
				1E78B2ED20EAEF32000DCFE7 /* LaunchControlKeyTests.swift */,
				1E65CA0020EABBEC00D28BE4 /* ToyPhotoGalleryTests.swift */,
				1E65CA0220EABBEC00D28BE4 /* Info.plist */,
			);
			path = ToyPhotoGalleryTests;
			sourceTree = "<group>";
		};
		1E65CA0A20EABBEC00D28BE4 /* ToyPhotoGalleryUITests */ = {
			isa = PBXGroup;
			children = (
				1E65CA0B20EABBEC00D28BE4 /* ToyPhotoGalleryUITests.swift */,
				1E65CA0D20EABBEC00D28BE4 /* Info.plist */,
			);
			path = ToyPhotoGalleryUITests;
			sourceTree = "<group>";
		};
		1E78B28720EAC50A000DCFE7 /* View */ = {
			isa = PBXGroup;
			children = (
				1E78B28920EAC536000DCFE7 /* Storyboard */,
				1E78B29020EAC690000DCFE7 /* RootViewController.swift */,
				1E78B29220EAC6A2000DCFE7 /* GalleryViewController.swift */,
				1E78B29420EAC6CC000DCFE7 /* PreviewViewController.swift */,
			);
			path = View;
			sourceTree = "<group>";
		};
		1E78B28820EAC529000DCFE7 /* ViewModel */ = {
			isa = PBXGroup;
			children = (
				1E78B29820EAC71E000DCFE7 /* GalleryViewModel.swift */,
				1E78B29A20EAC72C000DCFE7 /* PreviewViewModel.swift */,
			);
			path = ViewModel;
			sourceTree = "<group>";
		};
		1E78B28920EAC536000DCFE7 /* Storyboard */ = {
			isa = PBXGroup;
			children = (
				1E65C9F420EABBEC00D28BE4 /* LaunchScreen.storyboard */,
				1E65C9EF20EABBE400D28BE4 /* Main.storyboard */,
			);
			path = Storyboard;
			sourceTree = "<group>";
		};
		1E78B28A20EAC566000DCFE7 /* Resource */ = {
			isa = PBXGroup;
			children = (
				1E78B2F620EAFF16000DCFE7 /* LaunchService.swift */,
				1E78B2E920EAE6AB000DCFE7 /* LaunchControlKey.swift */,
				1E78B2E720EAE5FF000DCFE7 /* Obfuscator.swift */,
				1E78B28F20EAC608000DCFE7 /* Framework */,
			);
			path = Resource;
			sourceTree = "<group>";
		};
		1E78B28B20EAC58A000DCFE7 /* Extension */ = {
			isa = PBXGroup;
			children = (
				1E78B2F120EAF605000DCFE7 /* Notification.swift */,
			);
			path = Extension;
			sourceTree = "<group>";
		};
		1E78B28C20EAC59D000DCFE7 /* Model */ = {
			isa = PBXGroup;
			children = (
				1E78B29C20EAC77C000DCFE7 /* ImageResourceModel.swift */,
				1E78B29E20EAC78F000DCFE7 /* UserModel.swift */,
			);
			path = Model;
			sourceTree = "<group>";
		};
		1E78B28D20EAC5DD000DCFE7 /* Network */ = {
			isa = PBXGroup;
			children = (
				1E78B2A020EAC83C000DCFE7 /* RemoteStoreController.swift */,
				1E78B2A220EAC879000DCFE7 /* ParseInterface.swift */,
			);
			path = Network;
			sourceTree = "<group>";
		};
		1E78B28E20EAC5F7000DCFE7 /* Analytics */ = {
			isa = PBXGroup;
			children = (
				1E78B30020EBC6B7000DCFE7 /* ReportingHandler */,
				1E78B2FF20EBC6AB000DCFE7 /* LogHandler */,
				1E78B2FE20EBC69B000DCFE7 /* ErrorHandler */,
				1E78B2F320EAFAF3000DCFE7 /* ErrorType */,
			);
			path = Analytics;
			sourceTree = "<group>";
		};
		1E78B28F20EAC608000DCFE7 /* Framework */ = {
			isa = PBXGroup;
			children = (
				1E78B2D420EADC96000DCFE7 /* Bolts.framework */,
				1E78B2D320EADC96000DCFE7 /* Bugsnag.framework */,
				1E78B2CF20EADC96000DCFE7 /* FBSDKCoreKit.framework */,
				1E78B2CE20EADC96000DCFE7 /* FBSDKLoginKit.framework */,
				1E78B2D020EADC96000DCFE7 /* FBSDKPlacesKit.framework */,
				1E78B2D220EADC96000DCFE7 /* FBSDKShareKit.framework */,
				1E78B2D520EADC96000DCFE7 /* Parse.framework */,
				1E78B2D120EADC96000DCFE7 /* ParseFacebookUtilsV4.framework */,
				1E78B2D720EADC96000DCFE7 /* ParseTwitterUtils.framework */,
				1E78B2D620EADC96000DCFE7 /* ParseUI.framework */,
			);
			path = Framework;
			sourceTree = "<group>";
		};
		1E78B2F320EAFAF3000DCFE7 /* ErrorType */ = {
			isa = PBXGroup;
			children = (
				1E78B2F420EAFB02000DCFE7 /* LaunchError.swift */,
				1E78B2F820EB2542000DCFE7 /* RemoteStoreError.swift */,
			);
			path = ErrorType;
			sourceTree = "<group>";
		};
		1E78B2FE20EBC69B000DCFE7 /* ErrorHandler */ = {
			isa = PBXGroup;
			children = (
				1E78B2E320EADE2F000DCFE7 /* ErrorHandlerDelegate.swift */,
				1E78B2E520EADE4D000DCFE7 /* BugsnagInterface.swift */,
			);
			path = ErrorHandler;
			sourceTree = "<group>";
		};
		1E78B2FF20EBC6AB000DCFE7 /* LogHandler */ = {
			isa = PBXGroup;
			children = (
				1E78B2A420EAC8BA000DCFE7 /* LogHandlerDelegate.swift */,
			);
			path = LogHandler;
			sourceTree = "<group>";
		};
		1E78B30020EBC6B7000DCFE7 /* ReportingHandler */ = {
			isa = PBXGroup;
			children = (
				1E78B2EF20EAF46A000DCFE7 /* ReportingHandlerDelegate.swift */,
			);
			path = ReportingHandler;
			sourceTree = "<group>";
		};
		1E78B30520EBCE63000DCFE7 /* Frameworks */ = {
			isa = PBXGroup;
			children = (
			);
			name = Frameworks;
			sourceTree = "<group>";
		};
		1E78B31920EBEF4C000DCFE7 /* TestObjects */ = {
			isa = PBXGroup;
			children = (
				1E78B31120EBD5A1000DCFE7 /* XCTestCase.swift */,
				1E78B31320EBED0C000DCFE7 /* TestErrorHandler.swift */,
				1E78B31720EBEF14000DCFE7 /* TestRemoteStoreController.swift */,
				1E78B31A20EBF286000DCFE7 /* TestReportingHandler.swift */,
				1E78B31C20EBF57E000DCFE7 /* TestNotificationLaunchController.swift */,
			);
			path = TestObjects;
			sourceTree = "<group>";
		};
/* End PBXGroup section */

/* Begin PBXNativeTarget section */
		1E65C9E720EABBE200D28BE4 /* ToyPhotoGallery */ = {
			isa = PBXNativeTarget;
			buildConfigurationList = 1E65CA1020EABBEC00D28BE4 /* Build configuration list for PBXNativeTarget "ToyPhotoGallery" */;
			buildPhases = (
				1E65C9E420EABBE200D28BE4 /* Sources */,
				1E65C9E520EABBE200D28BE4 /* Frameworks */,
				1E65C9E620EABBE200D28BE4 /* Resources */,
				1E78B2E220EADCB9000DCFE7 /* ShellScript */,
			);
			buildRules = (
			);
			dependencies = (
			);
			name = ToyPhotoGallery;
			productName = ToyPhotoGallery;
			productReference = 1E65C9E820EABBE300D28BE4 /* ToyPhotoGallery.app */;
			productType = "com.apple.product-type.application";
		};
		1E65C9FB20EABBEC00D28BE4 /* ToyPhotoGalleryTests */ = {
			isa = PBXNativeTarget;
			buildConfigurationList = 1E65CA1320EABBEC00D28BE4 /* Build configuration list for PBXNativeTarget "ToyPhotoGalleryTests" */;
			buildPhases = (
				1E65C9F820EABBEC00D28BE4 /* Sources */,
				1E65C9F920EABBEC00D28BE4 /* Frameworks */,
				1E65C9FA20EABBEC00D28BE4 /* Resources */,
				1E78B31020EBCE69000DCFE7 /* ShellScript */,
			);
			buildRules = (
			);
			dependencies = (
				1E65C9FE20EABBEC00D28BE4 /* PBXTargetDependency */,
			);
			name = ToyPhotoGalleryTests;
			productName = ToyPhotoGalleryTests;
			productReference = 1E65C9FC20EABBEC00D28BE4 /* ToyPhotoGalleryTests.xctest */;
			productType = "com.apple.product-type.bundle.unit-test";
		};
		1E65CA0620EABBEC00D28BE4 /* ToyPhotoGalleryUITests */ = {
			isa = PBXNativeTarget;
			buildConfigurationList = 1E65CA1620EABBEC00D28BE4 /* Build configuration list for PBXNativeTarget "ToyPhotoGalleryUITests" */;
			buildPhases = (
				1E65CA0320EABBEC00D28BE4 /* Sources */,
				1E65CA0420EABBEC00D28BE4 /* Frameworks */,
				1E65CA0520EABBEC00D28BE4 /* Resources */,
			);
			buildRules = (
			);
			dependencies = (
				1E65CA0920EABBEC00D28BE4 /* PBXTargetDependency */,
			);
			name = ToyPhotoGalleryUITests;
			productName = ToyPhotoGalleryUITests;
			productReference = 1E65CA0720EABBEC00D28BE4 /* ToyPhotoGalleryUITests.xctest */;
			productType = "com.apple.product-type.bundle.ui-testing";
		};
/* End PBXNativeTarget section */

/* Begin PBXProject section */
		1E65C9E020EABBE100D28BE4 /* Project object */ = {
			isa = PBXProject;
			attributes = {
				LastSwiftUpdateCheck = 0940;
				LastUpgradeCheck = 0940;
				ORGANIZATIONNAME = "Michael Edgcumbe";
				TargetAttributes = {
					1E65C9E720EABBE200D28BE4 = {
						CreatedOnToolsVersion = 9.4.1;
					};
					1E65C9FB20EABBEC00D28BE4 = {
						CreatedOnToolsVersion = 9.4.1;
						TestTargetID = 1E65C9E720EABBE200D28BE4;
					};
					1E65CA0620EABBEC00D28BE4 = {
						CreatedOnToolsVersion = 9.4.1;
						TestTargetID = 1E65C9E720EABBE200D28BE4;
					};
				};
			};
			buildConfigurationList = 1E65C9E320EABBE100D28BE4 /* Build configuration list for PBXProject "ToyPhotoGallery" */;
			compatibilityVersion = "Xcode 9.3";
			developmentRegion = en;
			hasScannedForEncodings = 0;
			knownRegions = (
				en,
				Base,
			);
			mainGroup = 1E65C9DF20EABBE100D28BE4;
			productRefGroup = 1E65C9E920EABBE300D28BE4 /* Products */;
			projectDirPath = "";
			projectRoot = "";
			targets = (
				1E65C9E720EABBE200D28BE4 /* ToyPhotoGallery */,
				1E65C9FB20EABBEC00D28BE4 /* ToyPhotoGalleryTests */,
				1E65CA0620EABBEC00D28BE4 /* ToyPhotoGalleryUITests */,
			);
		};
/* End PBXProject section */

/* Begin PBXResourcesBuildPhase section */
		1E65C9E620EABBE200D28BE4 /* Resources */ = {
			isa = PBXResourcesBuildPhase;
			buildActionMask = 2147483647;
			files = (
				1E65C9F620EABBEC00D28BE4 /* LaunchScreen.storyboard in Resources */,
				1E78B2B120EACC8D000DCFE7 /* Default-568h@2x.png in Resources */,
				1E65C9F320EABBEC00D28BE4 /* Assets.xcassets in Resources */,
				1E65C9F120EABBE400D28BE4 /* Main.storyboard in Resources */,
			);
			runOnlyForDeploymentPostprocessing = 0;
		};
		1E65C9FA20EABBEC00D28BE4 /* Resources */ = {
			isa = PBXResourcesBuildPhase;
			buildActionMask = 2147483647;
			files = (
			);
			runOnlyForDeploymentPostprocessing = 0;
		};
		1E65CA0520EABBEC00D28BE4 /* Resources */ = {
			isa = PBXResourcesBuildPhase;
			buildActionMask = 2147483647;
			files = (
			);
			runOnlyForDeploymentPostprocessing = 0;
		};
/* End PBXResourcesBuildPhase section */

/* Begin PBXShellScriptBuildPhase section */
		1E78B2E220EADCB9000DCFE7 /* ShellScript */ = {
			isa = PBXShellScriptBuildPhase;
			buildActionMask = 2147483647;
			files = (
			);
			inputPaths = (
				"$(SRCROOT)/Carthage/Build/iOS/Bolts.framework",
				"$(SRCROOT)/Carthage/Build/iOS/Bugsnag.framework",
				"$(SRCROOT)/Carthage/Build/iOS/FBSDKCoreKit.framework",
				"$(SRCROOT)/Carthage/Build/iOS/FBSDKLoginKit.framework",
				"$(SRCROOT)/Carthage/Build/iOS/FBSDKPlacesKit.framework",
				"$(SRCROOT)/Carthage/Build/iOS/FBSDKShareKit.framework",
				"$(SRCROOT)/Carthage/Build/iOS/Parse.framework",
				"$(SRCROOT)/Carthage/Build/iOS/ParseFacebookUtilsV4.framework",
				"$(SRCROOT)/Carthage/Build/iOS/ParseTwitterUtils.framework",
				"$(SRCROOT)/Carthage/Build/iOS/ParseUI.framework",
			);
			outputPaths = (
				"$(BUILT_PRODUCTS_DIR)/$(FRAMEWORKS_FOLDER_PATH)/Bolts.framework",
				"$(BUILT_PRODUCTS_DIR)/$(FRAMEWORKS_FOLDER_PATH)/Bugsnag.framework",
				"$(BUILT_PRODUCTS_DIR)/$(FRAMEWORKS_FOLDER_PATH)/FBSDKCoreKit.framework",
				"$(BUILT_PRODUCTS_DIR)/$(FRAMEWORKS_FOLDER_PATH)/FBSDKLoginKit.framework",
				"$(BUILT_PRODUCTS_DIR)/$(FRAMEWORKS_FOLDER_PATH)/FBSDKPlacesKit.framework",
				"$(BUILT_PRODUCTS_DIR)/$(FRAMEWORKS_FOLDER_PATH)/FBSDKShareKit.framework",
				"$(BUILT_PRODUCTS_DIR)/$(FRAMEWORKS_FOLDER_PATH)/Parse.framework",
				"$(BUILT_PRODUCTS_DIR)/$(FRAMEWORKS_FOLDER_PATH)/ParseFacebookUtilsV4.framework",
				"$(BUILT_PRODUCTS_DIR)/$(FRAMEWORKS_FOLDER_PATH)/ParseTwitterUtils.framework",
				"$(BUILT_PRODUCTS_DIR)/$(FRAMEWORKS_FOLDER_PATH)/ParseUI.framework",
			);
			runOnlyForDeploymentPostprocessing = 0;
			shellPath = /bin/sh;
			shellScript = "/usr/local/bin/carthage copy-frameworks";
		};
		1E78B31020EBCE69000DCFE7 /* ShellScript */ = {
			isa = PBXShellScriptBuildPhase;
			buildActionMask = 2147483647;
			files = (
			);
			inputPaths = (
				"$(SRCROOT)/Carthage/Build/iOS/Bolts.framework",
				"$(SRCROOT)/Carthage/Build/iOS/Bugsnag.framework",
				"$(SRCROOT)/Carthage/Build/iOS/FBSDKCoreKit.framework",
				"$(SRCROOT)/Carthage/Build/iOS/FBSDKLoginKit.framework",
				"$(SRCROOT)/Carthage/Build/iOS/FBSDKPlacesKit.framework",
				"$(SRCROOT)/Carthage/Build/iOS/FBSDKShareKit.framework",
				"$(SRCROOT)/Carthage/Build/iOS/Parse.framework",
				"$(SRCROOT)/Carthage/Build/iOS/ParseFacebookUtilsV4.framework",
				"$(SRCROOT)/Carthage/Build/iOS/ParseTwitterUtils.framework",
				"$(SRCROOT)/Carthage/Build/iOS/ParseUI.framework",
			);
			outputPaths = (
			);
			runOnlyForDeploymentPostprocessing = 0;
			shellPath = /bin/sh;
			shellScript = "/usr/local/bin/carthage copy-frameworks";
		};
/* End PBXShellScriptBuildPhase section */

/* Begin PBXSourcesBuildPhase section */
		1E65C9E420EABBE200D28BE4 /* Sources */ = {
			isa = PBXSourcesBuildPhase;
			buildActionMask = 2147483647;
			files = (
				1E78B29320EAC6A2000DCFE7 /* GalleryViewController.swift in Sources */,
				1E78B2F520EAFB02000DCFE7 /* LaunchError.swift in Sources */,
				1E78B2F720EAFF16000DCFE7 /* LaunchService.swift in Sources */,
				1E78B29920EAC71E000DCFE7 /* GalleryViewModel.swift in Sources */,
				1E78B2F220EAF605000DCFE7 /* Notification.swift in Sources */,
				1E78B29720EAC6EB000DCFE7 /* LaunchController.swift in Sources */,
				1E78B2A520EAC8BA000DCFE7 /* LogHandlerDelegate.swift in Sources */,
				1E78B29120EAC690000DCFE7 /* RootViewController.swift in Sources */,
				1E78B2E420EADE2F000DCFE7 /* ErrorHandlerDelegate.swift in Sources */,
				1E65C9EC20EABBE300D28BE4 /* AppDelegate.swift in Sources */,
				1E78B29B20EAC72C000DCFE7 /* PreviewViewModel.swift in Sources */,
				1E78B29520EAC6CC000DCFE7 /* PreviewViewController.swift in Sources */,
				1E78B2A120EAC83C000DCFE7 /* RemoteStoreController.swift in Sources */,
				1E78B2F920EB2542000DCFE7 /* RemoteStoreError.swift in Sources */,
				1E78B2A320EAC879000DCFE7 /* ParseInterface.swift in Sources */,
				1E78B2E620EADE4D000DCFE7 /* BugsnagInterface.swift in Sources */,
				1E78B2EA20EAE6AB000DCFE7 /* LaunchControlKey.swift in Sources */,
				1E78B29F20EAC78F000DCFE7 /* UserModel.swift in Sources */,
				1E78B2F020EAF46A000DCFE7 /* ReportingHandlerDelegate.swift in Sources */,
				1E78B29D20EAC77C000DCFE7 /* ImageResourceModel.swift in Sources */,
				1E78B2E820EAE5FF000DCFE7 /* Obfuscator.swift in Sources */,
			);
			runOnlyForDeploymentPostprocessing = 0;
		};
		1E65C9F820EABBEC00D28BE4 /* Sources */ = {
			isa = PBXSourcesBuildPhase;
			buildActionMask = 2147483647;
			files = (
				1E78B30220EBC72B000DCFE7 /* BugsnagInterfaceTests.swift in Sources */,
				1E78B30420EBC80D000DCFE7 /* ObfuscatorTests.swift in Sources */,
				1E78B31820EBEF14000DCFE7 /* TestRemoteStoreController.swift in Sources */,
				1E78B2EE20EAEF32000DCFE7 /* LaunchControlKeyTests.swift in Sources */,
				1E78B31220EBD5A1000DCFE7 /* XCTestCase.swift in Sources */,
				1E78B2FB20EBC1D7000DCFE7 /* LaunchControllerTests.swift in Sources */,
				1E78B31D20EBF57E000DCFE7 /* TestNotificationLaunchController.swift in Sources */,
				1E65CA0120EABBEC00D28BE4 /* ToyPhotoGalleryTests.swift in Sources */,
				1E78B31B20EBF286000DCFE7 /* TestReportingHandler.swift in Sources */,
				1E78B31420EBED0C000DCFE7 /* TestErrorHandler.swift in Sources */,
				1E78B2FD20EBC58A000DCFE7 /* ParseInterfaceTests.swift in Sources */,
			);
			runOnlyForDeploymentPostprocessing = 0;
		};
		1E65CA0320EABBEC00D28BE4 /* Sources */ = {
			isa = PBXSourcesBuildPhase;
			buildActionMask = 2147483647;
			files = (
				1E65CA0C20EABBEC00D28BE4 /* ToyPhotoGalleryUITests.swift in Sources */,
			);
			runOnlyForDeploymentPostprocessing = 0;
		};
/* End PBXSourcesBuildPhase section */

/* Begin PBXTargetDependency section */
		1E65C9FE20EABBEC00D28BE4 /* PBXTargetDependency */ = {
			isa = PBXTargetDependency;
			target = 1E65C9E720EABBE200D28BE4 /* ToyPhotoGallery */;
			targetProxy = 1E65C9FD20EABBEC00D28BE4 /* PBXContainerItemProxy */;
		};
		1E65CA0920EABBEC00D28BE4 /* PBXTargetDependency */ = {
			isa = PBXTargetDependency;
			target = 1E65C9E720EABBE200D28BE4 /* ToyPhotoGallery */;
			targetProxy = 1E65CA0820EABBEC00D28BE4 /* PBXContainerItemProxy */;
		};
/* End PBXTargetDependency section */

/* Begin PBXVariantGroup section */
		1E65C9EF20EABBE400D28BE4 /* Main.storyboard */ = {
			isa = PBXVariantGroup;
			children = (
				1E65C9F020EABBE400D28BE4 /* Base */,
			);
			name = Main.storyboard;
			sourceTree = "<group>";
		};
		1E65C9F420EABBEC00D28BE4 /* LaunchScreen.storyboard */ = {
			isa = PBXVariantGroup;
			children = (
				1E65C9F520EABBEC00D28BE4 /* Base */,
			);
			name = LaunchScreen.storyboard;
			sourceTree = "<group>";
		};
/* End PBXVariantGroup section */

/* Begin XCBuildConfiguration section */
		1E65CA0E20EABBEC00D28BE4 /* Debug */ = {
			isa = XCBuildConfiguration;
			buildSettings = {
				ALWAYS_SEARCH_USER_PATHS = NO;
				CLANG_ANALYZER_NONNULL = YES;
				CLANG_ANALYZER_NUMBER_OBJECT_CONVERSION = YES_AGGRESSIVE;
				CLANG_CXX_LANGUAGE_STANDARD = "gnu++14";
				CLANG_CXX_LIBRARY = "libc++";
				CLANG_ENABLE_MODULES = YES;
				CLANG_ENABLE_OBJC_ARC = YES;
				CLANG_ENABLE_OBJC_WEAK = YES;
				CLANG_WARN_BLOCK_CAPTURE_AUTORELEASING = YES;
				CLANG_WARN_BOOL_CONVERSION = YES;
				CLANG_WARN_COMMA = YES;
				CLANG_WARN_CONSTANT_CONVERSION = YES;
				CLANG_WARN_DEPRECATED_OBJC_IMPLEMENTATIONS = YES;
				CLANG_WARN_DIRECT_OBJC_ISA_USAGE = YES_ERROR;
				CLANG_WARN_DOCUMENTATION_COMMENTS = YES;
				CLANG_WARN_EMPTY_BODY = YES;
				CLANG_WARN_ENUM_CONVERSION = YES;
				CLANG_WARN_INFINITE_RECURSION = YES;
				CLANG_WARN_INT_CONVERSION = YES;
				CLANG_WARN_NON_LITERAL_NULL_CONVERSION = YES;
				CLANG_WARN_OBJC_IMPLICIT_RETAIN_SELF = YES;
				CLANG_WARN_OBJC_LITERAL_CONVERSION = YES;
				CLANG_WARN_OBJC_ROOT_CLASS = YES_ERROR;
				CLANG_WARN_RANGE_LOOP_ANALYSIS = YES;
				CLANG_WARN_STRICT_PROTOTYPES = YES;
				CLANG_WARN_SUSPICIOUS_MOVE = YES;
				CLANG_WARN_UNGUARDED_AVAILABILITY = YES_AGGRESSIVE;
				CLANG_WARN_UNREACHABLE_CODE = YES;
				CLANG_WARN__DUPLICATE_METHOD_MATCH = YES;
				CODE_SIGN_IDENTITY = "iPhone Developer";
				COPY_PHASE_STRIP = NO;
				DEBUG_INFORMATION_FORMAT = dwarf;
				ENABLE_STRICT_OBJC_MSGSEND = YES;
				ENABLE_TESTABILITY = YES;
				GCC_C_LANGUAGE_STANDARD = gnu11;
				GCC_DYNAMIC_NO_PIC = NO;
				GCC_NO_COMMON_BLOCKS = YES;
				GCC_OPTIMIZATION_LEVEL = 0;
				GCC_PREPROCESSOR_DEFINITIONS = (
					"DEBUG=1",
					"$(inherited)",
				);
				GCC_WARN_64_TO_32_BIT_CONVERSION = YES;
				GCC_WARN_ABOUT_RETURN_TYPE = YES_ERROR;
				GCC_WARN_UNDECLARED_SELECTOR = YES;
				GCC_WARN_UNINITIALIZED_AUTOS = YES_AGGRESSIVE;
				GCC_WARN_UNUSED_FUNCTION = YES;
				GCC_WARN_UNUSED_VARIABLE = YES;
				IPHONEOS_DEPLOYMENT_TARGET = 11.4;
				MTL_ENABLE_DEBUG_INFO = YES;
				ONLY_ACTIVE_ARCH = YES;
				SDKROOT = iphoneos;
				SWIFT_ACTIVE_COMPILATION_CONDITIONS = DEBUG;
				SWIFT_OPTIMIZATION_LEVEL = "-Onone";
			};
			name = Debug;
		};
		1E65CA0F20EABBEC00D28BE4 /* Release */ = {
			isa = XCBuildConfiguration;
			buildSettings = {
				ALWAYS_SEARCH_USER_PATHS = NO;
				CLANG_ANALYZER_NONNULL = YES;
				CLANG_ANALYZER_NUMBER_OBJECT_CONVERSION = YES_AGGRESSIVE;
				CLANG_CXX_LANGUAGE_STANDARD = "gnu++14";
				CLANG_CXX_LIBRARY = "libc++";
				CLANG_ENABLE_MODULES = YES;
				CLANG_ENABLE_OBJC_ARC = YES;
				CLANG_ENABLE_OBJC_WEAK = YES;
				CLANG_WARN_BLOCK_CAPTURE_AUTORELEASING = YES;
				CLANG_WARN_BOOL_CONVERSION = YES;
				CLANG_WARN_COMMA = YES;
				CLANG_WARN_CONSTANT_CONVERSION = YES;
				CLANG_WARN_DEPRECATED_OBJC_IMPLEMENTATIONS = YES;
				CLANG_WARN_DIRECT_OBJC_ISA_USAGE = YES_ERROR;
				CLANG_WARN_DOCUMENTATION_COMMENTS = YES;
				CLANG_WARN_EMPTY_BODY = YES;
				CLANG_WARN_ENUM_CONVERSION = YES;
				CLANG_WARN_INFINITE_RECURSION = YES;
				CLANG_WARN_INT_CONVERSION = YES;
				CLANG_WARN_NON_LITERAL_NULL_CONVERSION = YES;
				CLANG_WARN_OBJC_IMPLICIT_RETAIN_SELF = YES;
				CLANG_WARN_OBJC_LITERAL_CONVERSION = YES;
				CLANG_WARN_OBJC_ROOT_CLASS = YES_ERROR;
				CLANG_WARN_RANGE_LOOP_ANALYSIS = YES;
				CLANG_WARN_STRICT_PROTOTYPES = YES;
				CLANG_WARN_SUSPICIOUS_MOVE = YES;
				CLANG_WARN_UNGUARDED_AVAILABILITY = YES_AGGRESSIVE;
				CLANG_WARN_UNREACHABLE_CODE = YES;
				CLANG_WARN__DUPLICATE_METHOD_MATCH = YES;
				CODE_SIGN_IDENTITY = "iPhone Developer";
				COPY_PHASE_STRIP = NO;
				DEBUG_INFORMATION_FORMAT = "dwarf-with-dsym";
				ENABLE_NS_ASSERTIONS = NO;
				ENABLE_STRICT_OBJC_MSGSEND = YES;
				GCC_C_LANGUAGE_STANDARD = gnu11;
				GCC_NO_COMMON_BLOCKS = YES;
				GCC_WARN_64_TO_32_BIT_CONVERSION = YES;
				GCC_WARN_ABOUT_RETURN_TYPE = YES_ERROR;
				GCC_WARN_UNDECLARED_SELECTOR = YES;
				GCC_WARN_UNINITIALIZED_AUTOS = YES_AGGRESSIVE;
				GCC_WARN_UNUSED_FUNCTION = YES;
				GCC_WARN_UNUSED_VARIABLE = YES;
				IPHONEOS_DEPLOYMENT_TARGET = 11.4;
				MTL_ENABLE_DEBUG_INFO = NO;
				SDKROOT = iphoneos;
				SWIFT_COMPILATION_MODE = wholemodule;
				SWIFT_OPTIMIZATION_LEVEL = "-O";
				VALIDATE_PRODUCT = YES;
			};
			name = Release;
		};
		1E65CA1120EABBEC00D28BE4 /* Debug */ = {
			isa = XCBuildConfiguration;
			buildSettings = {
				ASSETCATALOG_COMPILER_APPICON_NAME = AppIcon;
				CODE_SIGN_STYLE = Automatic;
				FRAMEWORK_SEARCH_PATHS = (
					"$(inherited)",
					"$(PROJECT_DIR)/Carthage/Build/iOS",
				);
				INFOPLIST_FILE = ToyPhotoGallery/Info.plist;
				IPHONEOS_DEPLOYMENT_TARGET = 10.3;
				LD_RUNPATH_SEARCH_PATHS = (
					"$(inherited)",
					"@executable_path/Frameworks",
				);
				PRODUCT_BUNDLE_IDENTIFIER = com.secretatomics.ToyPhotoGallery;
				PRODUCT_NAME = "$(TARGET_NAME)";
				SWIFT_VERSION = 4.0;
				TARGETED_DEVICE_FAMILY = 1;
			};
			name = Debug;
		};
		1E65CA1220EABBEC00D28BE4 /* Release */ = {
			isa = XCBuildConfiguration;
			buildSettings = {
				ASSETCATALOG_COMPILER_APPICON_NAME = AppIcon;
				CODE_SIGN_STYLE = Automatic;
				FRAMEWORK_SEARCH_PATHS = (
					"$(inherited)",
					"$(PROJECT_DIR)/Carthage/Build/iOS",
				);
				INFOPLIST_FILE = ToyPhotoGallery/Info.plist;
				IPHONEOS_DEPLOYMENT_TARGET = 10.3;
				LD_RUNPATH_SEARCH_PATHS = (
					"$(inherited)",
					"@executable_path/Frameworks",
				);
				PRODUCT_BUNDLE_IDENTIFIER = com.secretatomics.ToyPhotoGallery;
				PRODUCT_NAME = "$(TARGET_NAME)";
				SWIFT_VERSION = 4.0;
				TARGETED_DEVICE_FAMILY = 1;
			};
			name = Release;
		};
		1E65CA1420EABBEC00D28BE4 /* Debug */ = {
			isa = XCBuildConfiguration;
			buildSettings = {
				ALWAYS_EMBED_SWIFT_STANDARD_LIBRARIES = YES;
				BUNDLE_LOADER = "$(TEST_HOST)";
				CODE_SIGN_STYLE = Automatic;
				FRAMEWORK_SEARCH_PATHS = (
					"$(inherited)",
					"$(PROJECT_DIR)/Carthage/Build/iOS",
				);
				INFOPLIST_FILE = ToyPhotoGalleryTests/Info.plist;
				LD_RUNPATH_SEARCH_PATHS = (
					"$(inherited)",
					"@executable_path/Frameworks",
					"@loader_path/Frameworks",
				);
				PRODUCT_BUNDLE_IDENTIFIER = com.secretatomics.ToyPhotoGalleryTests;
				PRODUCT_NAME = "$(TARGET_NAME)";
				SWIFT_VERSION = 4.0;
				TARGETED_DEVICE_FAMILY = "1,2";
				TEST_HOST = "$(BUILT_PRODUCTS_DIR)/ToyPhotoGallery.app/ToyPhotoGallery";
			};
			name = Debug;
		};
		1E65CA1520EABBEC00D28BE4 /* Release */ = {
			isa = XCBuildConfiguration;
			buildSettings = {
				ALWAYS_EMBED_SWIFT_STANDARD_LIBRARIES = YES;
				BUNDLE_LOADER = "$(TEST_HOST)";
				CODE_SIGN_STYLE = Automatic;
				FRAMEWORK_SEARCH_PATHS = (
					"$(inherited)",
					"$(PROJECT_DIR)/Carthage/Build/iOS",
				);
				INFOPLIST_FILE = ToyPhotoGalleryTests/Info.plist;
				LD_RUNPATH_SEARCH_PATHS = (
					"$(inherited)",
					"@executable_path/Frameworks",
					"@loader_path/Frameworks",
				);
				PRODUCT_BUNDLE_IDENTIFIER = com.secretatomics.ToyPhotoGalleryTests;
				PRODUCT_NAME = "$(TARGET_NAME)";
				SWIFT_VERSION = 4.0;
				TARGETED_DEVICE_FAMILY = "1,2";
				TEST_HOST = "$(BUILT_PRODUCTS_DIR)/ToyPhotoGallery.app/ToyPhotoGallery";
			};
			name = Release;
		};
		1E65CA1720EABBEC00D28BE4 /* Debug */ = {
			isa = XCBuildConfiguration;
			buildSettings = {
				ALWAYS_EMBED_SWIFT_STANDARD_LIBRARIES = YES;
				CODE_SIGN_STYLE = Automatic;
				INFOPLIST_FILE = ToyPhotoGalleryUITests/Info.plist;
				LD_RUNPATH_SEARCH_PATHS = (
					"$(inherited)",
					"@executable_path/Frameworks",
					"@loader_path/Frameworks",
				);
				PRODUCT_BUNDLE_IDENTIFIER = com.secretatomics.ToyPhotoGalleryUITests;
				PRODUCT_NAME = "$(TARGET_NAME)";
				SWIFT_VERSION = 4.0;
				TARGETED_DEVICE_FAMILY = "1,2";
				TEST_TARGET_NAME = ToyPhotoGallery;
			};
			name = Debug;
		};
		1E65CA1820EABBEC00D28BE4 /* Release */ = {
			isa = XCBuildConfiguration;
			buildSettings = {
				ALWAYS_EMBED_SWIFT_STANDARD_LIBRARIES = YES;
				CODE_SIGN_STYLE = Automatic;
				INFOPLIST_FILE = ToyPhotoGalleryUITests/Info.plist;
				LD_RUNPATH_SEARCH_PATHS = (
					"$(inherited)",
					"@executable_path/Frameworks",
					"@loader_path/Frameworks",
				);
				PRODUCT_BUNDLE_IDENTIFIER = com.secretatomics.ToyPhotoGalleryUITests;
				PRODUCT_NAME = "$(TARGET_NAME)";
				SWIFT_VERSION = 4.0;
				TARGETED_DEVICE_FAMILY = "1,2";
				TEST_TARGET_NAME = ToyPhotoGallery;
			};
			name = Release;
		};
/* End XCBuildConfiguration section */

/* Begin XCConfigurationList section */
		1E65C9E320EABBE100D28BE4 /* Build configuration list for PBXProject "ToyPhotoGallery" */ = {
			isa = XCConfigurationList;
			buildConfigurations = (
				1E65CA0E20EABBEC00D28BE4 /* Debug */,
				1E65CA0F20EABBEC00D28BE4 /* Release */,
			);
			defaultConfigurationIsVisible = 0;
			defaultConfigurationName = Release;
		};
		1E65CA1020EABBEC00D28BE4 /* Build configuration list for PBXNativeTarget "ToyPhotoGallery" */ = {
			isa = XCConfigurationList;
			buildConfigurations = (
				1E65CA1120EABBEC00D28BE4 /* Debug */,
				1E65CA1220EABBEC00D28BE4 /* Release */,
			);
			defaultConfigurationIsVisible = 0;
			defaultConfigurationName = Release;
		};
		1E65CA1320EABBEC00D28BE4 /* Build configuration list for PBXNativeTarget "ToyPhotoGalleryTests" */ = {
			isa = XCConfigurationList;
			buildConfigurations = (
				1E65CA1420EABBEC00D28BE4 /* Debug */,
				1E65CA1520EABBEC00D28BE4 /* Release */,
			);
			defaultConfigurationIsVisible = 0;
			defaultConfigurationName = Release;
		};
		1E65CA1620EABBEC00D28BE4 /* Build configuration list for PBXNativeTarget "ToyPhotoGalleryUITests" */ = {
			isa = XCConfigurationList;
			buildConfigurations = (
				1E65CA1720EABBEC00D28BE4 /* Debug */,
				1E65CA1820EABBEC00D28BE4 /* Release */,
			);
			defaultConfigurationIsVisible = 0;
			defaultConfigurationName = Release;
		};
/* End XCConfigurationList section */
	};
	rootObject = 1E65C9E020EABBE100D28BE4 /* Project object */;
}
